lockfileVersion: 5.3

specifiers:
  classnames: ^2.3.1
  preact: ^10.5.13
  prettier: ^2.3.0
  vite: ^2.3.5

dependencies:
  classnames: 2.3.1
  preact: 10.5.13

devDependencies:
  prettier: 2.3.0
  vite: 2.3.5

packages:

  /classnames/2.3.1:
    resolution: {integrity: sha512-OlQdbZ7gLfGarSqxesMesDa5uz7KFbID8Kpq/SxIoNGDqY8lSYs0D+hhtBXhcdB3rcbXArFr7vlHheLk1voeNA==}
    dev: false

  /colorette/1.2.2:
    resolution: {integrity: sha512-MKGMzyfeuutC/ZJ1cba9NqcNpfeqMUcYmyF1ZFY6/Cn7CNSAKx6a+s48sqLqyAiZuaP2TcqMhoo+dlwFnVxT9w==}
    dev: true

  /esbuild/0.12.5:
    resolution: {integrity: sha512-vcuP53pA5XiwUU4FnlXM+2PnVjTfHGthM7uP1gtp+9yfheGvFFbq/KyuESThmtoHPUrfZH5JpxGVJIFDVD1Egw==}
    hasBin: true
    requiresBuild: true
    dev: true

  /fsevents/2.3.2:
    resolution: {integrity: sha512-xiqMQR4xAeHTuB9uWm+fFRcIOgKBMiOBP+eXiyT7jsgVCq1bkVygt00oASowB7EdtpOHaaPgKt812P9ab+DDKA==}
    engines: {node: ^8.16.0 || ^10.6.0 || >=11.0.0}
    os: [darwin]
    dev: true
    optional: true

  /function-bind/1.1.1:
    resolution: {integrity: sha512-yIovAzMX49sF8Yl58fSCWJ5svSLuaibPxXQJFLmBObTuCr0Mf1KiPopGM9NiFjiYBCbfaa2Fh6breQ6ANVTI0A==}
    dev: true

  /has/1.0.3:
    resolution: {integrity: sha512-f2dvO0VU6Oej7RkWJGrehjbzMAjFp5/VKPp5tTpWIV4JHHZK1/BxbFRtf/siA2SWTe09caDmVtYYzWEIbBS4zw==}
    engines: {node: '>= 0.4.0'}
    dependencies:
      function-bind: 1.1.1
    dev: true

  /is-core-module/2.4.0:
    resolution: {integrity: sha512-6A2fkfq1rfeQZjxrZJGerpLCTHRNEBiSgnu0+obeJpEPZRUooHgsizvzv0ZjJwOz3iWIHdJtVWJ/tmPr3D21/A==}
    dependencies:
      has: 1.0.3
    dev: true

  /nanoid/3.1.23:
    resolution: {integrity: sha512-FiB0kzdP0FFVGDKlRLEQ1BgDzU87dy5NnzjeW9YZNt+/c3+q82EQDUwniSAUxp/F0gFNI1ZhKU1FqYsMuqZVnw==}
    engines: {node: ^10 || ^12 || ^13.7 || ^14 || >=15.0.1}
    hasBin: true
    dev: true

  /path-parse/1.0.7:
    resolution: {integrity: sha512-LDJzPVEEEPR+y48z93A0Ed0yXb8pAByGWo/k5YYdYgpY2/2EsOsksJrq7lOHxryrVOn1ejG6oAp8ahvOIQD8sw==}
    dev: true

  /postcss/8.3.0:
    resolution: {integrity: sha512-+ogXpdAjWGa+fdYY5BQ96V/6tAo+TdSSIMP5huJBIygdWwKtVoB5JWZ7yUd4xZ8r+8Kvvx4nyg/PQ071H4UtcQ==}
    engines: {node: ^10 || ^12 || >=14}
    dependencies:
      colorette: 1.2.2
      nanoid: 3.1.23
      source-map-js: 0.6.2
    dev: true

  /preact/10.5.13:
    resolution: {integrity: sha512-q/vlKIGNwzTLu+jCcvywgGrt+H/1P/oIRSD6mV4ln3hmlC+Aa34C7yfPI4+5bzW8pONyVXYS7SvXosy2dKKtWQ==}
    dev: false

  /prettier/2.3.0:
    resolution: {integrity: sha512-kXtO4s0Lz/DW/IJ9QdWhAf7/NmPWQXkFr/r/WkR3vyI+0v8amTDxiaQSLzs8NBlytfLWX/7uQUMIW677yLKl4w==}
    engines: {node: '>=10.13.0'}
    hasBin: true
    dev: true

  /resolve/1.20.0:
    resolution: {integrity: sha512-wENBPt4ySzg4ybFQW2TT1zMQucPK95HSh/nq2CFTZVOGut2+pQvSsgtda4d26YrYcr067wjbmzOG8byDPBX63A==}
    dependencies:
      is-core-module: 2.4.0
      path-parse: 1.0.7
    dev: true

  /rollup/2.50.5:
    resolution: {integrity: sha512-Ztz4NurU2LbS3Jn5rlhnYv35z6pkjBUmYKr94fOBIKINKRO6kug9NTFHArT7jqwMP2kqEZ39jJuEtkk91NBltQ==}
    engines: {node: '>=10.0.0'}
    hasBin: true
    optionalDependencies:
      fsevents: 2.3.2
    dev: true

  /source-map-js/0.6.2:
    resolution: {integrity: sha512-/3GptzWzu0+0MBQFrDKzw/DvvMTUORvgY6k6jd/VS6iCR4RDTKWH6v6WPwQoUO8667uQEf9Oe38DxAYWY5F/Ug==}
    engines: {node: '>=0.10.0'}
    dev: true

  /vite/2.3.5:
    resolution: {integrity: sha512-Jh3uySLlofx+t+uqznnzJFTNgeqYQLhR6xMx61VYN5KTlVirJXBPkFW2+aigHN6d1mOo6rM7DWnU6gjnudVozw==}
    engines: {node: '>=12.0.0'}
    hasBin: true
    dependencies:
      esbuild: 0.12.5
      postcss: 8.3.0
      resolve: 1.20.0
      rollup: 2.50.5
    optionalDependencies:
      fsevents: 2.3.2
    dev: true
